{
  "name": "hello-world",
  "version": "1.0.0",
  "lockfileVersion": 1,
  "requires": true,
  "dependencies": {
    "@types/zen-observable": {
      "version": "0.8.0",
      "resolved": "https://registry.npmjs.org/@types/zen-observable/-/zen-observable-0.8.0.tgz",
      "integrity": "sha512-te5lMAWii1uEJ4FwLjzdlbw3+n0FZNOvFXHxQDKeT0dilh7HOzdMzV2TrJVUzq8ep7J4Na8OUYPRLSQkJHAlrg=="
    },
    "apollo-cache": {
      "version": "1.2.1",
      "resolved": "https://registry.npmjs.org/apollo-cache/-/apollo-cache-1.2.1.tgz",
      "integrity": "sha512-nzFmep/oKlbzUuDyz6fS6aYhRmfpcHWqNkkA9Bbxwk18RD6LXC4eZkuE0gXRX0IibVBHNjYVK+Szi0Yied4SpQ==",
      "requires": {
        "apollo-utilities": "^1.2.1",
        "tslib": "^1.9.3"
      }
    },
    "apollo-cache-inmemory": {
      "version": "1.5.1",
      "resolved": "https://registry.npmjs.org/apollo-cache-inmemory/-/apollo-cache-inmemory-1.5.1.tgz",
      "integrity": "sha512-D3bdpPmWfaKQkWy8lfwUg+K8OBITo3sx0BHLs1B/9vIdOIZ7JNCKq3EUcAgAfInomJUdN0QG1yOfi8M8hxkN1g==",
      "requires": {
        "apollo-cache": "^1.2.1",
        "apollo-utilities": "^1.2.1",
        "optimism": "^0.6.9",
        "ts-invariant": "^0.2.1",
        "tslib": "^1.9.3"
      }
    },
    "apollo-client": {
      "version": "2.5.1",
      "resolved": "https://registry.npmjs.org/apollo-client/-/apollo-client-2.5.1.tgz",
      "integrity": "sha512-MNcQKiqLHdGmNJ0rZ0NXaHrToXapJgS/5kPk0FygXt+/FmDCdzqcujI7OPxEC6e9Yw5S/8dIvOXcRNuOMElHkA==",
      "requires": {
        "@types/zen-observable": "^0.8.0",
        "apollo-cache": "1.2.1",
        "apollo-link": "^1.0.0",
        "apollo-link-dedup": "^1.0.0",
        "apollo-utilities": "1.2.1",
        "symbol-observable": "^1.0.2",
        "ts-invariant": "^0.2.1",
        "tslib": "^1.9.3",
        "zen-observable": "^0.8.0"
      }
    },
    "apollo-link": {
      "version": "1.2.9",
      "resolved": "https://registry.npmjs.org/apollo-link/-/apollo-link-1.2.9.tgz",
      "integrity": "sha512-ZLUwthOFZq4lxchQ2jeBfVqS/UDdcVmmh8aUw6Ar9awZH4r+RgkcDeu2ooFLUfodWE3mZr7wIZuYsBas/MaNVA==",
      "requires": {
        "apollo-utilities": "^1.2.1",
        "ts-invariant": "^0.3.2",
        "tslib": "^1.9.3",
        "zen-observable-ts": "^0.8.16"
      },
      "dependencies": {
        "ts-invariant": {
          "version": "0.3.2",
          "resolved": "https://registry.npmjs.org/ts-invariant/-/ts-invariant-0.3.2.tgz",
          "integrity": "sha512-QsY8BCaRnHiB5T6iE4DPlJMAKEG3gzMiUco9FEt1jUXQf0XP6zi0idT0i0rMTu8A326JqNSDsmlkA9dRSh1TRg==",
          "requires": {
            "tslib": "^1.9.3"
          }
        }
      }
    },
    "apollo-link-dedup": {
      "version": "1.0.16",
      "resolved": "https://registry.npmjs.org/apollo-link-dedup/-/apollo-link-dedup-1.0.16.tgz",
      "integrity": "sha512-ckPrS0jU2ad8qTXw8GXh3YHZkbnjtsjbCOPT0QmLRM0GpESFTqhoTGl2gBxIlHZE5/Vw/L6NY8u2JAMw6tcy/A==",
      "requires": {
        "apollo-link": "^1.2.9",
        "tslib": "^1.9.3"
      }
    },
    "apollo-link-http": {
      "version": "1.5.11",
      "resolved": "https://registry.npmjs.org/apollo-link-http/-/apollo-link-http-1.5.11.tgz",
      "integrity": "sha512-wDG+I9UmpfaZRPIvTYBgkvqiCgmz6yWgvuzW/S24Q4r4Xrfe6sLpg2FmarhtdP+hdN+IXTLbFNCZ+Trgfpifow==",
      "requires": {
        "apollo-link": "^1.2.8",
        "apollo-link-http-common": "^0.2.10"
      }
    },
    "apollo-link-http-common": {
      "version": "0.2.11",
      "resolved": "https://registry.npmjs.org/apollo-link-http-common/-/apollo-link-http-common-0.2.11.tgz",
      "integrity": "sha512-FjtzEDiG6blH/2MR4fpVNoxdZUFmddP0sez34qnoLaYz6ABFbTDlmRE/dVN79nPExM4Spfs/DtW7KRqyjJ3tOg==",
      "requires": {
        "apollo-link": "^1.2.9",
        "ts-invariant": "^0.3.2",
        "tslib": "^1.9.3"
      },
      "dependencies": {
        "ts-invariant": {
          "version": "0.3.2",
          "resolved": "https://registry.npmjs.org/ts-invariant/-/ts-invariant-0.3.2.tgz",
          "integrity": "sha512-QsY8BCaRnHiB5T6iE4DPlJMAKEG3gzMiUco9FEt1jUXQf0XP6zi0idT0i0rMTu8A326JqNSDsmlkA9dRSh1TRg==",
          "requires": {
            "tslib": "^1.9.3"
          }
        }
      }
    },
    "apollo-utilities": {
      "version": "1.2.1",
      "resolved": "https://registry.npmjs.org/apollo-utilities/-/apollo-utilities-1.2.1.tgz",
      "integrity": "sha512-Zv8Udp9XTSFiN8oyXOjf6PMHepD4yxxReLsl6dPUy5Ths7jti3nmlBzZUOxuTWRwZn0MoclqL7RQ5UEJN8MAxg==",
      "requires": {
        "fast-json-stable-stringify": "^2.0.0",
        "ts-invariant": "^0.2.1",
        "tslib": "^1.9.3"
      }
    },
    "ask-sdk-core": {
      "version": "2.4.0",
      "resolved": "https://registry.npmjs.org/ask-sdk-core/-/ask-sdk-core-2.4.0.tgz",
      "integrity": "sha512-Ss/Z2mJ2RXx/qZPbRB8P5lRBfyouRks16b2wl2XPAL2DW9BDe1KHFsMQAYMRz9Xs5UcMuVEL+pe8H7tp+QyB8w==",
      "requires": {
        "ask-sdk-runtime": "^2.4.0"
      }
    },
    "ask-sdk-model": {
      "version": "1.12.0",
      "resolved": "https://registry.npmjs.org/ask-sdk-model/-/ask-sdk-model-1.12.0.tgz",
      "integrity": "sha512-JrWlnQ8VwWMXu70RxrIc09kLXrP1qbMTdfttoABRJzBrBnhvLzX9c1Ie112IRpDCp0SWzNfHbUqeq3Bah7aZ5A=="
    },
    "ask-sdk-runtime": {
      "version": "2.4.0",
      "resolved": "https://registry.npmjs.org/ask-sdk-runtime/-/ask-sdk-runtime-2.4.0.tgz",
      "integrity": "sha512-NiTXGeljx3wV9GIbwOvYc3EKPLTR1ZVoJBGNNyoAwg89v1L/hZgg5p3rJM0YJfIqw6HJUHJbtdJsRIHtkscxRA=="
    },
    "fast-json-stable-stringify": {
      "version": "2.0.0",
      "resolved": "https://registry.npmjs.org/fast-json-stable-stringify/-/fast-json-stable-stringify-2.0.0.tgz",
      "integrity": "sha1-1RQsDK7msRifh9OnYREGT4bIu/I="
    },
    "graphql-tag": {
      "version": "2.10.1",
      "resolved": "https://registry.npmjs.org/graphql-tag/-/graphql-tag-2.10.1.tgz",
      "integrity": "sha512-jApXqWBzNXQ8jYa/HLkZJaVw9jgwNqZkywa2zfFn16Iv1Zb7ELNHkJaXHR7Quvd5SIGsy6Ny7SUKATgnu05uEg=="
    },
    "immutable-tuple": {
      "version": "0.4.10",
      "resolved": "https://registry.npmjs.org/immutable-tuple/-/immutable-tuple-0.4.10.tgz",
      "integrity": "sha512-45jheDbc3Kr5Cw8EtDD+4woGRUV0utIrJBZT8XH0TPZRfm8tzT0/sLGGzyyCCFqFMG5Pv5Igf3WY/arn6+8V9Q=="
    },
    "optimism": {
      "version": "0.6.9",
      "resolved": "https://registry.npmjs.org/optimism/-/optimism-0.6.9.tgz",
      "integrity": "sha512-xoQm2lvXbCA9Kd7SCx6y713Y7sZ6fUc5R6VYpoL5M6svKJbTuvtNopexK8sO8K4s0EOUYHuPN2+yAEsNyRggkQ==",
      "requires": {
        "immutable-tuple": "^0.4.9"
      }
    },
    "symbol-observable": {
      "version": "1.2.0",
      "resolved": "https://registry.npmjs.org/symbol-observable/-/symbol-observable-1.2.0.tgz",
      "integrity": "sha512-e900nM8RRtGhlV36KGEU9k65K3mPb1WV70OdjfxlG2EAuM1noi/E/BaW/uMhL7bPEssK8QV57vN3esixjUvcXQ=="
    },
    "ts-invariant": {
      "version": "0.2.1",
      "resolved": "https://registry.npmjs.org/ts-invariant/-/ts-invariant-0.2.1.tgz",
      "integrity": "sha512-Z/JSxzVmhTo50I+LKagEISFJW3pvPCqsMWLamCTX8Kr3N5aMrnGOqcflbe5hLUzwjvgPfnLzQtHZv0yWQ+FIHg==",
      "requires": {
        "tslib": "^1.9.3"
      }
    },
    "tslib": {
      "version": "1.9.3",
      "resolved": "https://registry.npmjs.org/tslib/-/tslib-1.9.3.tgz",
      "integrity": "sha512-4krF8scpejhaOgqzBEcGM7yDIEfi0/8+8zDRZhNZZ2kjmHJ4hv3zCbQWxoJGz1iw5U0Jl0nma13xzHXcncMavQ=="
    },
    "zen-observable": {
      "version": "0.8.13",
      "resolved": "https://registry.npmjs.org/zen-observable/-/zen-observable-0.8.13.tgz",
      "integrity": "sha512-fa+6aDUVvavYsefZw0zaZ/v3ckEtMgCFi30sn91SEZea4y/6jQp05E3omjkX91zV6RVdn15fqnFZ6RKjRGbp2g=="
    },
    "zen-observable-ts": {
      "version": "0.8.16",
      "resolved": "https://registry.npmjs.org/zen-observable-ts/-/zen-observable-ts-0.8.16.tgz",
      "integrity": "sha512-pQl75N7qwgybKVsh6WFO+WwPRijeQ52Gn1vSf4uvPFXald9CbVQXLa5QrOPEJhdZiC+CD4quqOVqSG+Ptz5XLA==",
      "requires": {
        "tslib": "^1.9.3",
        "zen-observable": "^0.8.0"
      }
    }
  }
}
